
Microsoft Visual Studio Solution File, Format Version 12.00
# Visual Studio 14
VisualStudioVersion = 14.0.25420.1
MinimumVisualStudioVersion = 10.0.40219.1
Project("{FAE04EC0-301F-11D3-BF4B-00C04F79EFBC}") = "Loopscale.API", "Loopscale.API\Loopscale.API.csproj", "{7AE971FB-7F4A-4F3D-BAD1-E1B67903CC9C}"
EndProject
Project("{FAE04EC0-301F-11D3-BF4B-00C04F79EFBC}") = "Loopscale.Web", "Loopscale.Web\Loopscale.Web.csproj", "{384C1110-371D-4D1B-979E-CD8892C53641}"
EndProject
Global
	GlobalSection(SolutionConfigurationPlatforms) = preSolution
		Debug|Any CPU = Debug|Any CPU
		Release|Any CPU = Release|Any CPU
	EndGlobalSection
	GlobalSection(ProjectConfigurationPlatforms) = postSolution
		{7AE971FB-7F4A-4F3D-BAD1-E1B67903CC9C}.Debug|Any CPU.ActiveCfg = Debug|Any CPU
		{7AE971FB-7F4A-4F3D-BAD1-E1B67903CC9C}.Debug|Any CPU.Build.0 = Debug|Any CPU
		{7AE971FB-7F4A-4F3D-BAD1-E1B67903CC9C}.Release|Any CPU.ActiveCfg = Release|Any CPU
		{7AE971FB-7F4A-4F3D-BAD1-E1B67903CC9C}.Release|Any CPU.Build.0 = Release|Any CPU
		{384C1110-371D-4D1B-979E-CD8892C53641}.Debug|Any CPU.ActiveCfg = Debug|Any CPU
		{384C1110-371D-4D1B-979E-CD8892C53641}.Debug|Any CPU.Build.0 = Debug|Any CPU
		{384C1110-371D-4D1B-979E-CD8892C53641}.Release|Any CPU.ActiveCfg = Release|Any CPU
		{384C1110-371D-4D1B-979E-CD8892C53641}.Release|Any CPU.Build.0 = Release|Any CPU
	EndGlobalSection
	GlobalSection(SolutionProperties) = preSolution
		HideSolutionNode = FALSE
	EndGlobalSection
EndGlobal
